// !$*UTF8*$!
{
	archiveVersion = 1;
	classes = {
	};
	objectVersion = 56;
	objects = {

/* Begin PBXBuildFile section */
		ADEF091F2C6BFBE5003A2214 /* AppDelegate.swift in Sources */ = {isa = PBXBuildFile; fileRef = ADEF091E2C6BFBE5003A2214 /* AppDelegate.swift */; };
		ADEF09212C6BFBE5003A2214 /* SceneDelegate.swift in Sources */ = {isa = PBXBuildFile; fileRef = ADEF09202C6BFBE5003A2214 /* SceneDelegate.swift */; };
		ADEF09282C6BFBE6003A2214 /* Assets.xcassets in Resources */ = {isa = PBXBuildFile; fileRef = ADEF09272C6BFBE6003A2214 /* Assets.xcassets */; };
		ADEF092B2C6BFBE6003A2214 /* Base in Resources */ = {isa = PBXBuildFile; fileRef = ADEF092A2C6BFBE6003A2214 /* Base */; };
		ADEF09332C6DA171003A2214 /* LogOnViewController.swift in Sources */ = {isa = PBXBuildFile; fileRef = ADEF09322C6DA171003A2214 /* LogOnViewController.swift */; };
		ADEF09352C6DA17C003A2214 /* DashboardViewController.swift in Sources */ = {isa = PBXBuildFile; fileRef = ADEF09342C6DA17C003A2214 /* DashboardViewController.swift */; };
		ADEF09372C6DA1B8003A2214 /* AuthManager.swift in Sources */ = {isa = PBXBuildFile; fileRef = ADEF09362C6DA1B8003A2214 /* AuthManager.swift */; };
		ADEF09392C6DA1C0003A2214 /* AuthCoordinator.swift in Sources */ = {isa = PBXBuildFile; fileRef = ADEF09382C6DA1C0003A2214 /* AuthCoordinator.swift */; };
		ADEF093B2C6E4A83003A2214 /* LogonCoordinator.swift in Sources */ = {isa = PBXBuildFile; fileRef = ADEF093A2C6E4A83003A2214 /* LogonCoordinator.swift */; };
		ADEF093D2C6E4C67003A2214 /* KeychainManager.swift in Sources */ = {isa = PBXBuildFile; fileRef = ADEF093C2C6E4C67003A2214 /* KeychainManager.swift */; };
		ADEF093F2C6E4C79003A2214 /* BiometricAuthManager.swift in Sources */ = {isa = PBXBuildFile; fileRef = ADEF093E2C6E4C78003A2214 /* BiometricAuthManager.swift */; };
/* End PBXBuildFile section */

/* Begin PBXFileReference section */
		ADEF091B2C6BFBE5003A2214 /* BiometricAuthentication.app */ = {isa = PBXFileReference; explicitFileType = wrapper.application; includeInIndex = 0; path = BiometricAuthentication.app; sourceTree = BUILT_PRODUCTS_DIR; };
		ADEF091E2C6BFBE5003A2214 /* AppDelegate.swift */ = {isa = PBXFileReference; lastKnownFileType = sourcecode.swift; path = AppDelegate.swift; sourceTree = "<group>"; };
		ADEF09202C6BFBE5003A2214 /* SceneDelegate.swift */ = {isa = PBXFileReference; lastKnownFileType = sourcecode.swift; path = SceneDelegate.swift; sourceTree = "<group>"; };
		ADEF09272C6BFBE6003A2214 /* Assets.xcassets */ = {isa = PBXFileReference; lastKnownFileType = folder.assetcatalog; path = Assets.xcassets; sourceTree = "<group>"; };
		ADEF092A2C6BFBE6003A2214 /* Base */ = {isa = PBXFileReference; lastKnownFileType = file.storyboard; name = Base; path = Base.lproj/LaunchScreen.storyboard; sourceTree = "<group>"; };
		ADEF092C2C6BFBE6003A2214 /* Info.plist */ = {isa = PBXFileReference; lastKnownFileType = text.plist.xml; path = Info.plist; sourceTree = "<group>"; };
		ADEF09322C6DA171003A2214 /* LogOnViewController.swift */ = {isa = PBXFileReference; lastKnownFileType = sourcecode.swift; path = LogOnViewController.swift; sourceTree = "<group>"; };
		ADEF09342C6DA17C003A2214 /* DashboardViewController.swift */ = {isa = PBXFileReference; lastKnownFileType = sourcecode.swift; path = DashboardViewController.swift; sourceTree = "<group>"; };
		ADEF09362C6DA1B8003A2214 /* AuthManager.swift */ = {isa = PBXFileReference; lastKnownFileType = sourcecode.swift; path = AuthManager.swift; sourceTree = "<group>"; };
		ADEF09382C6DA1C0003A2214 /* AuthCoordinator.swift */ = {isa = PBXFileReference; lastKnownFileType = sourcecode.swift; path = AuthCoordinator.swift; sourceTree = "<group>"; };
		ADEF093A2C6E4A83003A2214 /* LogonCoordinator.swift */ = {isa = PBXFileReference; lastKnownFileType = sourcecode.swift; path = LogonCoordinator.swift; sourceTree = "<group>"; };
		ADEF093C2C6E4C67003A2214 /* KeychainManager.swift */ = {isa = PBXFileReference; lastKnownFileType = sourcecode.swift; path = KeychainManager.swift; sourceTree = "<group>"; };
		ADEF093E2C6E4C78003A2214 /* BiometricAuthManager.swift */ = {isa = PBXFileReference; lastKnownFileType = sourcecode.swift; path = BiometricAuthManager.swift; sourceTree = "<group>"; };
/* End PBXFileReference section */

/* Begin PBXFrameworksBuildPhase section */
		ADEF09182C6BFBE5003A2214 /* Frameworks */ = {
			isa = PBXFrameworksBuildPhase;
			buildActionMask = 2147483647;
			files = (
			);
			runOnlyForDeploymentPostprocessing = 0;
		};
/* End PBXFrameworksBuildPhase section */

/* Begin PBXGroup section */
		ADEF09122C6BFBE5003A2214 = {
			isa = PBXGroup;
			children = (
				ADEF091D2C6BFBE5003A2214 /* BiometricAuthentication */,
				ADEF091C2C6BFBE5003A2214 /* Products */,
			);
			sourceTree = "<group>";
		};
		ADEF091C2C6BFBE5003A2214 /* Products */ = {
			isa = PBXGroup;
			children = (
				ADEF091B2C6BFBE5003A2214 /* BiometricAuthentication.app */,
			);
			name = Products;
			sourceTree = "<group>";
		};
		ADEF091D2C6BFBE5003A2214 /* BiometricAuthentication */ = {
			isa = PBXGroup;
			children = (
				ADEF091E2C6BFBE5003A2214 /* AppDelegate.swift */,
				ADEF09202C6BFBE5003A2214 /* SceneDelegate.swift */,
				ADEF09272C6BFBE6003A2214 /* Assets.xcassets */,
				ADEF09292C6BFBE6003A2214 /* LaunchScreen.storyboard */,
				ADEF092C2C6BFBE6003A2214 /* Info.plist */,
				ADEF09322C6DA171003A2214 /* LogOnViewController.swift */,
				ADEF093A2C6E4A83003A2214 /* LogonCoordinator.swift */,
				ADEF09342C6DA17C003A2214 /* DashboardViewController.swift */,
				ADEF09362C6DA1B8003A2214 /* AuthManager.swift */,
				ADEF09382C6DA1C0003A2214 /* AuthCoordinator.swift */,
				ADEF093C2C6E4C67003A2214 /* KeychainManager.swift */,
				ADEF093E2C6E4C78003A2214 /* BiometricAuthManager.swift */,
			);
			path = BiometricAuthentication;
			sourceTree = "<group>";
		};
/* End PBXGroup section */

/* Begin PBXNativeTarget section */
		ADEF091A2C6BFBE5003A2214 /* BiometricAuthentication */ = {
			isa = PBXNativeTarget;
			buildConfigurationList = ADEF092F2C6BFBE6003A2214 /* Build configuration list for PBXNativeTarget "BiometricAuthentication" */;
			buildPhases = (
				ADEF09172C6BFBE5003A2214 /* Sources */,
				ADEF09182C6BFBE5003A2214 /* Frameworks */,
				ADEF09192C6BFBE5003A2214 /* Resources */,
			);
			buildRules = (
			);
			dependencies = (
			);
			name = BiometricAuthentication;
			productName = BiometricAuthentication;
			productReference = ADEF091B2C6BFBE5003A2214 /* BiometricAuthentication.app */;
			productType = "com.apple.product-type.application";
		};
/* End PBXNativeTarget section */

/* Begin PBXProject section */
		ADEF09132C6BFBE5003A2214 /* Project object */ = {
			isa = PBXProject;
			attributes = {
				BuildIndependentTargetsInParallel = 1;
				LastSwiftUpdateCheck = 1540;
				LastUpgradeCheck = 1540;
				TargetAttributes = {
					ADEF091A2C6BFBE5003A2214 = {
						CreatedOnToolsVersion = 15.4;
					};
				};
			};
			buildConfigurationList = ADEF09162C6BFBE5003A2214 /* Build configuration list for PBXProject "BiometricAuthentication" */;
			compatibilityVersion = "Xcode 14.0";
			developmentRegion = en;
			hasScannedForEncodings = 0;
			knownRegions = (
				en,
				Base,
			);
			mainGroup = ADEF09122C6BFBE5003A2214;
			productRefGroup = ADEF091C2C6BFBE5003A2214 /* Products */;
			projectDirPath = "";
			projectRoot = "";
			targets = (
				ADEF091A2C6BFBE5003A2214 /* BiometricAuthentication */,
			);
		};
/* End PBXProject section */

/* Begin PBXResourcesBuildPhase section */
		ADEF09192C6BFBE5003A2214 /* Resources */ = {
			isa = PBXResourcesBuildPhase;
			buildActionMask = 2147483647;
			files = (
				ADEF09282C6BFBE6003A2214 /* Assets.xcassets in Resources */,
				ADEF092B2C6BFBE6003A2214 /* Base in Resources */,
			);
			runOnlyForDeploymentPostprocessing = 0;
		};
/* End PBXResourcesBuildPhase section */

/* Begin PBXSourcesBuildPhase section */
		ADEF09172C6BFBE5003A2214 /* Sources */ = {
			isa = PBXSourcesBuildPhase;
			buildActionMask = 2147483647;
			files = (
				ADEF09372C6DA1B8003A2214 /* AuthManager.swift in Sources */,
				ADEF091F2C6BFBE5003A2214 /* AppDelegate.swift in Sources */,
				ADEF09352C6DA17C003A2214 /* DashboardViewController.swift in Sources */,
				ADEF093D2C6E4C67003A2214 /* KeychainManager.swift in Sources */,
				ADEF093B2C6E4A83003A2214 /* LogonCoordinator.swift in Sources */,
				ADEF093F2C6E4C79003A2214 /* BiometricAuthManager.swift in Sources */,
				ADEF09392C6DA1C0003A2214 /* AuthCoordinator.swift in Sources */,
				ADEF09332C6DA171003A2214 /* LogOnViewController.swift in Sources */,
				ADEF09212C6BFBE5003A2214 /* SceneDelegate.swift in Sources */,
			);
			runOnlyForDeploymentPostprocessing = 0;
		};
/* End PBXSourcesBuildPhase section */

/* Begin PBXVariantGroup section */
		ADEF09292C6BFBE6003A2214 /* LaunchScreen.storyboard */ = {
			isa = PBXVariantGroup;
			children = (
				ADEF092A2C6BFBE6003A2214 /* Base */,
			);
			name = LaunchScreen.storyboard;
			sourceTree = "<group>";
		};
/* End PBXVariantGroup section */

/* Begin XCBuildConfiguration section */
		ADEF092D2C6BFBE6003A2214 /* Debug */ = {
			isa = XCBuildConfiguration;
			buildSettings = {
				ALWAYS_SEARCH_USER_PATHS = NO;
				ASSETCATALOG_COMPILER_GENERATE_SWIFT_ASSET_SYMBOL_EXTENSIONS = YES;
				CLANG_ANALYZER_NONNULL = YES;
				CLANG_ANALYZER_NUMBER_OBJECT_CONVERSION = YES_AGGRESSIVE;
				CLANG_CXX_LANGUAGE_STANDARD = "gnu++20";
				CLANG_ENABLE_MODULES = YES;
				CLANG_ENABLE_OBJC_ARC = YES;
				CLANG_ENABLE_OBJC_WEAK = YES;
				CLANG_WARN_BLOCK_CAPTURE_AUTORELEASING = YES;
				CLANG_WARN_BOOL_CONVERSION = YES;
				CLANG_WARN_COMMA = YES;
				CLANG_WARN_CONSTANT_CONVERSION = YES;
				CLANG_WARN_DEPRECATED_OBJC_IMPLEMENTATIONS = YES;
				CLANG_WARN_DIRECT_OBJC_ISA_USAGE = YES_ERROR;
				CLANG_WARN_DOCUMENTATION_COMMENTS = YES;
				CLANG_WARN_EMPTY_BODY = YES;
				CLANG_WARN_ENUM_CONVERSION = YES;
				CLANG_WARN_INFINITE_RECURSION = YES;
				CLANG_WARN_INT_CONVERSION = YES;
				CLANG_WARN_NON_LITERAL_NULL_CONVERSION = YES;
				CLANG_WARN_OBJC_IMPLICIT_RETAIN_SELF = YES;
				CLANG_WARN_OBJC_LITERAL_CONVERSION = YES;
				CLANG_WARN_OBJC_ROOT_CLASS = YES_ERROR;
				CLANG_WARN_QUOTED_INCLUDE_IN_FRAMEWORK_HEADER = YES;
				CLANG_WARN_RANGE_LOOP_ANALYSIS = YES;
				CLANG_WARN_STRICT_PROTOTYPES = YES;
				CLANG_WARN_SUSPICIOUS_MOVE = YES;
				CLANG_WARN_UNGUARDED_AVAILABILITY = YES_AGGRESSIVE;
				CLANG_WARN_UNREACHABLE_CODE = YES;
				CLANG_WARN__DUPLICATE_METHOD_MATCH = YES;
				COPY_PHASE_STRIP = NO;
				DEBUG_INFORMATION_FORMAT = dwarf;
				ENABLE_STRICT_OBJC_MSGSEND = YES;
				ENABLE_TESTABILITY = YES;
				ENABLE_USER_SCRIPT_SANDBOXING = YES;
				GCC_C_LANGUAGE_STANDARD = gnu17;
				GCC_DYNAMIC_NO_PIC = NO;
				GCC_NO_COMMON_BLOCKS = YES;
				GCC_OPTIMIZATION_LEVEL = 0;
				GCC_PREPROCESSOR_DEFINITIONS = (
					"DEBUG=1",
					"$(inherited)",
				);
				GCC_WARN_64_TO_32_BIT_CONVERSION = YES;
				GCC_WARN_ABOUT_RETURN_TYPE = YES_ERROR;
				GCC_WARN_UNDECLARED_SELECTOR = YES;
				GCC_WARN_UNINITIALIZED_AUTOS = YES_AGGRESSIVE;
				GCC_WARN_UNUSED_FUNCTION = YES;
				GCC_WARN_UNUSED_VARIABLE = YES;
				IPHONEOS_DEPLOYMENT_TARGET = 17.5;
				LOCALIZATION_PREFERS_STRING_CATALOGS = YES;
				MTL_ENABLE_DEBUG_INFO = INCLUDE_SOURCE;
				MTL_FAST_MATH = YES;
				ONLY_ACTIVE_ARCH = YES;
				SDKROOT = iphoneos;
				SWIFT_ACTIVE_COMPILATION_CONDITIONS = "DEBUG $(inherited)";
				SWIFT_OPTIMIZATION_LEVEL = "-Onone";
			};
			name = Debug;
		};
		ADEF092E2C6BFBE6003A2214 /* Release */ = {
			isa = XCBuildConfiguration;
			buildSettings = {
				ALWAYS_SEARCH_USER_PATHS = NO;
				ASSETCATALOG_COMPILER_GENERATE_SWIFT_ASSET_SYMBOL_EXTENSIONS = YES;
				CLANG_ANALYZER_NONNULL = YES;
				CLANG_ANALYZER_NUMBER_OBJECT_CONVERSION = YES_AGGRESSIVE;
				CLANG_CXX_LANGUAGE_STANDARD = "gnu++20";
				CLANG_ENABLE_MODULES = YES;
				CLANG_ENABLE_OBJC_ARC = YES;
				CLANG_ENABLE_OBJC_WEAK = YES;
				CLANG_WARN_BLOCK_CAPTURE_AUTORELEASING = YES;
				CLANG_WARN_BOOL_CONVERSION = YES;
				CLANG_WARN_COMMA = YES;
				CLANG_WARN_CONSTANT_CONVERSION = YES;
				CLANG_WARN_DEPRECATED_OBJC_IMPLEMENTATIONS = YES;
				CLANG_WARN_DIRECT_OBJC_ISA_USAGE = YES_ERROR;
				CLANG_WARN_DOCUMENTATION_COMMENTS = YES;
				CLANG_WARN_EMPTY_BODY = YES;
				CLANG_WARN_ENUM_CONVERSION = YES;
				CLANG_WARN_INFINITE_RECURSION = YES;
				CLANG_WARN_INT_CONVERSION = YES;
				CLANG_WARN_NON_LITERAL_NULL_CONVERSION = YES;
				CLANG_WARN_OBJC_IMPLICIT_RETAIN_SELF = YES;
				CLANG_WARN_OBJC_LITERAL_CONVERSION = YES;
				CLANG_WARN_OBJC_ROOT_CLASS = YES_ERROR;
				CLANG_WARN_QUOTED_INCLUDE_IN_FRAMEWORK_HEADER = YES;
				CLANG_WARN_RANGE_LOOP_ANALYSIS = YES;
				CLANG_WARN_STRICT_PROTOTYPES = YES;
				CLANG_WARN_SUSPICIOUS_MOVE = YES;
				CLANG_WARN_UNGUARDED_AVAILABILITY = YES_AGGRESSIVE;
				CLANG_WARN_UNREACHABLE_CODE = YES;
				CLANG_WARN__DUPLICATE_METHOD_MATCH = YES;
				COPY_PHASE_STRIP = NO;
				DEBUG_INFORMATION_FORMAT = "dwarf-with-dsym";
				ENABLE_NS_ASSERTIONS = NO;
				ENABLE_STRICT_OBJC_MSGSEND = YES;
				ENABLE_USER_SCRIPT_SANDBOXING = YES;
				GCC_C_LANGUAGE_STANDARD = gnu17;
				GCC_NO_COMMON_BLOCKS = YES;
				GCC_WARN_64_TO_32_BIT_CONVERSION = YES;
				GCC_WARN_ABOUT_RETURN_TYPE = YES_ERROR;
				GCC_WARN_UNDECLARED_SELECTOR = YES;
				GCC_WARN_UNINITIALIZED_AUTOS = YES_AGGRESSIVE;
				GCC_WARN_UNUSED_FUNCTION = YES;
				GCC_WARN_UNUSED_VARIABLE = YES;
				IPHONEOS_DEPLOYMENT_TARGET = 17.5;
				LOCALIZATION_PREFERS_STRING_CATALOGS = YES;
				MTL_ENABLE_DEBUG_INFO = NO;
				MTL_FAST_MATH = YES;
				SDKROOT = iphoneos;
				SWIFT_COMPILATION_MODE = wholemodule;
				VALIDATE_PRODUCT = YES;
			};
			name = Release;
		};
		ADEF09302C6BFBE6003A2214 /* Debug */ = {
			isa = XCBuildConfiguration;
			buildSettings = {
				ASSETCATALOG_COMPILER_APPICON_NAME = AppIcon;
				ASSETCATALOG_COMPILER_GLOBAL_ACCENT_COLOR_NAME = AccentColor;
				CODE_SIGN_STYLE = Automatic;
				CURRENT_PROJECT_VERSION = 1;
				GENERATE_INFOPLIST_FILE = YES;
				INFOPLIST_FILE = BiometricAuthentication/Info.plist;
				INFOPLIST_KEY_UIApplicationSupportsIndirectInputEvents = YES;
				INFOPLIST_KEY_UILaunchStoryboardName = LaunchScreen;
				INFOPLIST_KEY_UISupportedInterfaceOrientations_iPad = "UIInterfaceOrientationPortrait UIInterfaceOrientationPortraitUpsideDown UIInterfaceOrientationLandscapeLeft UIInterfaceOrientationLandscapeRight";
				INFOPLIST_KEY_UISupportedInterfaceOrientations_iPhone = "UIInterfaceOrientationPortrait UIInterfaceOrientationLandscapeLeft UIInterfaceOrientationLandscapeRight";
				LD_RUNPATH_SEARCH_PATHS = (
					"$(inherited)",
					"@executable_path/Frameworks",
				);
				MARKETING_VERSION = 1.0;
				PRODUCT_BUNDLE_IDENTIFIER = "com.example.apple-samplecode.BiometricAuthentication";
				PRODUCT_NAME = "$(TARGET_NAME)";
				SWIFT_EMIT_LOC_STRINGS = YES;
				SWIFT_VERSION = 5.0;
				TARGETED_DEVICE_FAMILY = "1,2";
			};
			name = Debug;
		};
		ADEF09312C6BFBE6003A2214 /* Release */ = {
			isa = XCBuildConfiguration;
			buildSettings = {
				ASSETCATALOG_COMPILER_APPICON_NAME = AppIcon;
				ASSETCATALOG_COMPILER_GLOBAL_ACCENT_COLOR_NAME = AccentColor;
				CODE_SIGN_STYLE = Automatic;
				CURRENT_PROJECT_VERSION = 1;
				GENERATE_INFOPLIST_FILE = YES;
				INFOPLIST_FILE = BiometricAuthentication/Info.plist;
				INFOPLIST_KEY_UIApplicationSupportsIndirectInputEvents = YES;
				INFOPLIST_KEY_UILaunchStoryboardName = LaunchScreen;
				INFOPLIST_KEY_UISupportedInterfaceOrientations_iPad = "UIInterfaceOrientationPortrait UIInterfaceOrientationPortraitUpsideDown UIInterfaceOrientationLandscapeLeft UIInterfaceOrientationLandscapeRight";
				INFOPLIST_KEY_UISupportedInterfaceOrientations_iPhone = "UIInterfaceOrientationPortrait UIInterfaceOrientationLandscapeLeft UIInterfaceOrientationLandscapeRight";
				LD_RUNPATH_SEARCH_PATHS = (
					"$(inherited)",
					"@executable_path/Frameworks",
				);
				MARKETING_VERSION = 1.0;
				PRODUCT_BUNDLE_IDENTIFIER = "com.example.apple-samplecode.BiometricAuthentication";
				PRODUCT_NAME = "$(TARGET_NAME)";
				SWIFT_EMIT_LOC_STRINGS = YES;
				SWIFT_VERSION = 5.0;
				TARGETED_DEVICE_FAMILY = "1,2";
			};
			name = Release;
		};
/* End XCBuildConfiguration section */

/* Begin XCConfigurationList section */
		ADEF09162C6BFBE5003A2214 /* Build configuration list for PBXProject "BiometricAuthentication" */ = {
			isa = XCConfigurationList;
			buildConfigurations = (
				ADEF092D2C6BFBE6003A2214 /* Debug */,
				ADEF092E2C6BFBE6003A2214 /* Release */,
			);
			defaultConfigurationIsVisible = 0;
			defaultConfigurationName = Release;
		};
		ADEF092F2C6BFBE6003A2214 /* Build configuration list for PBXNativeTarget "BiometricAuthentication" */ = {
			isa = XCConfigurationList;
			buildConfigurations = (
				ADEF09302C6BFBE6003A2214 /* Debug */,
				ADEF09312C6BFBE6003A2214 /* Release */,
			);
			defaultConfigurationIsVisible = 0;
			defaultConfigurationName = Release;
		};
/* End XCConfigurationList section */
	};
	rootObject = ADEF09132C6BFBE5003A2214 /* Project object */;
}
